<?xml version="1.0" encoding="utf-8"?>
<Project ToolsVersion="4.0" xmlns="http://schemas.microsoft.com/developer/msbuild/2003">
  <ItemGroup>
    <Filter Include="Source Files">
      <UniqueIdentifier>{4FC737F1-C7A5-4376-A066-2A32D752A2FF}</UniqueIdentifier>
      <Extensions>cpp;c;cc;cxx;def;odl;idl;hpj;bat;asm;asmx</Extensions>
    </Filter>
    <Filter Include="Header Files">
      <UniqueIdentifier>{93995380-89BD-4b04-88EB-625FBE52EBFB}</UniqueIdentifier>
      <Extensions>h;hh;hpp;hxx;hm;inl;inc;xsd</Extensions>
    </Filter>
    <Filter Include="Resource Files">
      <UniqueIdentifier>{67DA6AB6-F800-4c08-8B7A-83BB121AAD01}</UniqueIdentifier>
      <Extensions>rc;ico;cur;bmp;dlg;rc2;rct;bin;rgs;gif;jpg;jpeg;jpe;resx;tiff;tif;png;wav;mfcribbon-ms</Extensions>
    </Filter>
    <Filter Include="Header Files\Engine">
      <UniqueIdentifier>{b05565b9-483e-4609-b999-74fee19127f5}</UniqueIdentifier>
    </Filter>
    <Filter Include="Source Files\Engine">
      <UniqueIdentifier>{fb22764c-b0a5-41f0-9d4b-6f4bae475e56}</UniqueIdentifier>
    </Filter>
    <Filter Include="Source Files\Engine\Object">
      <UniqueIdentifier>{62655dc1-ce1d-4a8e-83ab-6cf008adb976}</UniqueIdentifier>
    </Filter>
    <Filter Include="Header Files\Engine\Debug">
      <UniqueIdentifier>{5693b702-eadc-4928-bed2-107bf5839259}</UniqueIdentifier>
    </Filter>
    <Filter Include="Header Files\Engine\Object">
      <UniqueIdentifier>{b53b0207-65ec-426d-9557-2be930e66f44}</UniqueIdentifier>
    </Filter>
    <Filter Include="Source Files\GameScript">
      <UniqueIdentifier>{7a949259-23b1-4228-9e88-555c55c6927c}</UniqueIdentifier>
    </Filter>
    <Filter Include="Header Files\GameScript">
      <UniqueIdentifier>{db822d4d-a032-457b-873a-d9369f0b3c90}</UniqueIdentifier>
    </Filter>
    <Filter Include="Header Files\GameScript\Character">
      <UniqueIdentifier>{1db06783-0cf2-42c3-9084-93beda15d609}</UniqueIdentifier>
    </Filter>
    <Filter Include="Source Files\GameScript\Character">
      <UniqueIdentifier>{374662dd-96de-4dbb-9674-b45a4a8b4a2e}</UniqueIdentifier>
    </Filter>
    <Filter Include="Resource Files\Spritesheet">
      <UniqueIdentifier>{c470ce13-68b8-4da4-a84d-8d3c4f137412}</UniqueIdentifier>
    </Filter>
    <Filter Include="Source Files\GameScript\StaticObject">
      <UniqueIdentifier>{547a4e62-1432-44c0-a396-1f04d44c5deb}</UniqueIdentifier>
    </Filter>
    <Filter Include="Resource Files\Shader">
      <UniqueIdentifier>{1a9188b9-7fe5-464b-ac2e-6c8a0e856630}</UniqueIdentifier>
    </Filter>
    <Filter Include="Resource Files\Shader\Background">
      <UniqueIdentifier>{1f6a92c1-f07a-4359-b51e-9f74275cec18}</UniqueIdentifier>
    </Filter>
    <Filter Include="Resource Files\Background">
      <UniqueIdentifier>{11965395-3d31-435e-9998-14d7b7874a82}</UniqueIdentifier>
    </Filter>
    <Filter Include="Header Files\GameScript\Character\Enemy">
      <UniqueIdentifier>{92ac8af0-653d-4012-a0af-a30721f7f126}</UniqueIdentifier>
    </Filter>
    <Filter Include="Header Files\GameScript\Character\Player">
      <UniqueIdentifier>{2ecaee88-be8b-4f51-833b-8a30d417d274}</UniqueIdentifier>
    </Filter>
    <Filter Include="Source Files\GameScript\Character\Player">
      <UniqueIdentifier>{34a15c81-1a0f-4641-9fb5-86aab53c8e7f}</UniqueIdentifier>
    </Filter>
    <Filter Include="Source Files\GameScript\Character\Enemy">
      <UniqueIdentifier>{aa67387e-2030-43cf-953e-63eff55643d4}</UniqueIdentifier>
    </Filter>
  </ItemGroup>
  <ItemGroup>
    <ClInclude Include="TurnBasedGame.h">
      <Filter>Header Files</Filter>
    </ClInclude>
    <ClInclude Include="Shader.h">
      <Filter>Header Files\Engine</Filter>
    </ClInclude>
    <ClInclude Include="ScratchEngine.h">
      <Filter>Header Files\Engine</Filter>
    </ClInclude>
    <ClInclude Include="Input.h">
      <Filter>Header Files\Engine</Filter>
    </ClInclude>
    <ClInclude Include="Settings.h">
      <Filter>Header Files\Engine</Filter>
    </ClInclude>
    <ClInclude Include="Time.h">
      <Filter>Header Files\Engine</Filter>
    </ClInclude>
    <ClInclude Include="Debug.h">
      <Filter>Header Files\Engine\Debug</Filter>
    </ClInclude>
    <ClInclude Include="GameObject.h">
      <Filter>Header Files\Engine\Object</Filter>
    </ClInclude>
    <ClInclude Include="Transform.h">
      <Filter>Header Files\Engine\Object</Filter>
    </ClInclude>
    <ClInclude Include="Window.h">
      <Filter>Header Files\Engine</Filter>
    </ClInclude>
    <ClInclude Include="SpriteRender.h">
      <Filter>Header Files\Engine\Object</Filter>
    </ClInclude>
    <ClInclude Include="Animation.h">
      <Filter>Header Files\Engine\Object</Filter>
    </ClInclude>
    <ClInclude Include="Scene.h">
      <Filter>Header Files\GameScript</Filter>
    </ClInclude>
    <ClInclude Include="StaticObject.h">
      <Filter>Header Files\GameScript</Filter>
    </ClInclude>
    <ClInclude Include="Enemy.h">
      <Filter>Header Files\GameScript\Character\Enemy</Filter>
    </ClInclude>
    <ClInclude Include="CharacterBehaviour.h">
      <Filter>Header Files\GameScript\Character\Player</Filter>
    </ClInclude>
    <ClInclude Include="CharacterController.h">
      <Filter>Header Files\GameScript\Character\Player</Filter>
    </ClInclude>
    <ClInclude Include="CharacterInfo.h">
      <Filter>Header Files\GameScript\Character</Filter>
    </ClInclude>
  </ItemGroup>
  <ItemGroup>
    <Image Include="homeranim.png">
      <Filter>Resource Files</Filter>
    </Image>
    <Image Include="spritesheet\playerspritesheet.png">
      <Filter>Resource Files\Spritesheet</Filter>
    </Image>
    <Image Include="background\1_game_background.png">
      <Filter>Resource Files\Background</Filter>
    </Image>
    <Image Include="background\2_game_background.png">
      <Filter>Resource Files\Background</Filter>
    </Image>
    <Image Include="background\3_game_background.png">
      <Filter>Resource Files\Background</Filter>
    </Image>
    <Image Include="background\4_game_background.png">
      <Filter>Resource Files\Background</Filter>
    </Image>
  </ItemGroup>
  <ItemGroup>
    <None Include="spriteAnim.frag">
      <Filter>Resource Files\Shader</Filter>
    </None>
    <None Include="spriteAnim.vert">
      <Filter>Resource Files\Shader</Filter>
    </None>
    <None Include="background.vert">
      <Filter>Resource Files\Shader\Background</Filter>
    </None>
    <None Include="background.frag">
      <Filter>Resource Files\Shader\Background</Filter>
    </None>
  </ItemGroup>
  <ItemGroup>
    <ClCompile Include="Shader.cpp">
      <Filter>Source Files\Engine</Filter>
    </ClCompile>
    <ClCompile Include="ScratchEngine.cpp">
      <Filter>Source Files\Engine</Filter>
    </ClCompile>
    <ClCompile Include="Input.cpp">
      <Filter>Source Files\Engine</Filter>
    </ClCompile>
    <ClCompile Include="Time.cpp">
      <Filter>Source Files\Engine</Filter>
    </ClCompile>
    <ClCompile Include="Transform.cpp">
      <Filter>Source Files\Engine\Object</Filter>
    </ClCompile>
    <ClCompile Include="GameObject.cpp">
      <Filter>Source Files\Engine\Object</Filter>
    </ClCompile>
    <ClCompile Include="Window.cpp">
      <Filter>Source Files\Engine</Filter>
    </ClCompile>
    <ClCompile Include="SpriteRender.cpp">
      <Filter>Source Files\Engine\Object</Filter>
    </ClCompile>
    <ClCompile Include="StaticObject.cpp">
      <Filter>Source Files\GameScript\StaticObject</Filter>
    </ClCompile>
    <ClCompile Include="Scene.cpp">
      <Filter>Source Files\GameScript</Filter>
    </ClCompile>
    <ClCompile Include="TurnBasedGame.cpp">
      <Filter>Source Files\Engine</Filter>
    </ClCompile>
    <ClCompile Include="CharacterBehaviour.cpp">
      <Filter>Source Files\GameScript\Character\Player</Filter>
    </ClCompile>
    <ClCompile Include="CharacterController.cpp">
      <Filter>Source Files\GameScript\Character\Player</Filter>
    </ClCompile>
    <ClCompile Include="Enemy.cpp">
      <Filter>Source Files\GameScript\Character\Enemy</Filter>
    </ClCompile>
  </ItemGroup>
</Project>